
Microsoft Visual Studio Solution File, Format Version 12.00
# Visual Studio Version 17
VisualStudioVersion = 17.0.32126.317
MinimumVisualStudioVersion = 10.0.40219.1
Project("{9A19103F-16F7-4668-BE54-9A1E7A4F7556}") = "MyFirstConsole", "MyFirstConsole\MyFirstConsole.csproj", "{02DEC8ED-7682-4133-BFC5-5673328F2F63}"
EndProject
Project("{9A19103F-16F7-4668-BE54-9A1E7A4F7556}") = "MySecondConsole", "MySecondConsole\MySecondConsole.csproj", "{22F9A865-2B54-4FA5-861B-23A30BE8D235}"
EndProject
Project("{9A19103F-16F7-4668-BE54-9A1E7A4F7556}") = "Lesson3", "Lesson3\Lesson3.csproj", "{7BF805B1-0039-4BBF-B260-2101D6D5B1E7}"
EndProject
Project("{9A19103F-16F7-4668-BE54-9A1E7A4F7556}") = "Lesson4", "Lesson4\Lesson4.csproj", "{2D207280-00B0-49CC-9E27-2D3303FD011F}"
EndProject
Project("{9A19103F-16F7-4668-BE54-9A1E7A4F7556}") = "Lesson5Library", "Lesson5\Lesson5Library\Lesson5Library.csproj", "{BF290D1A-8AF6-49A4-A8E1-1030E320AD9C}"
EndProject
Project("{9A19103F-16F7-4668-BE54-9A1E7A4F7556}") = "Lesson5ConsoleApp", "Lesson5\Lesson5ConsoleApp\Lesson5ConsoleApp.csproj", "{2AE217FB-238B-42E1-B288-F97A80EA6AE7}"
EndProject
Project("{9A19103F-16F7-4668-BE54-9A1E7A4F7556}") = "Lesson6Library", "Lesson6\Lesson6Library\Lesson6Library.csproj", "{BB8AFBDC-6E95-49FF-B5A8-EC54B8100C8F}"
EndProject
Project("{9A19103F-16F7-4668-BE54-9A1E7A4F7556}") = "Lesson6ConsoleApp", "Lesson6\Lesson6ConsoleApp\Lesson6ConsoleApp.csproj", "{A832D297-3E44-4D8A-B80E-CE817EE0E74E}"
EndProject
Project("{9A19103F-16F7-4668-BE54-9A1E7A4F7556}") = "Lesson7ConsoleApp", "Lesson7\Lesson7ConsoleApp\Lesson7ConsoleApp.csproj", "{28A2729A-168D-417D-9183-0302829BECAC}"
EndProject
Project("{9A19103F-16F7-4668-BE54-9A1E7A4F7556}") = "Lesson7Library", "Lesson7\Lesson7Library\Lesson7Library.csproj", "{F1415E21-0CA3-461E-B0DC-B0ED91BB23A3}"
EndProject
Project("{9A19103F-16F7-4668-BE54-9A1E7A4F7556}") = "Lesson8Library", "Lesson8\Lesson8Library\Lesson8Library.csproj", "{747B71E9-147F-4D4A-8695-BE0E400EF4CD}"
EndProject
Project("{9A19103F-16F7-4668-BE54-9A1E7A4F7556}") = "Lesson8ConsoleApp", "Lesson8\Lesson8ConsoleApp\Lesson8ConsoleApp.csproj", "{4480A56F-9813-4E12-A635-154A0D05E278}"
EndProject
Project("{9A19103F-16F7-4668-BE54-9A1E7A4F7556}") = "Lesson9Library", "Lesson9\Lesson9Library\Lesson9Library.csproj", "{35F8A331-A49E-4396-85A9-2188DF22455F}"
EndProject
Project("{9A19103F-16F7-4668-BE54-9A1E7A4F7556}") = "Lesson9ConsoleApp", "Lesson9\Lesson9ConsoleApp\Lesson9ConsoleApp.csproj", "{B29D6E8B-1EA0-41C3-BAC4-A615B7148CAD}"
EndProject
Project("{9A19103F-16F7-4668-BE54-9A1E7A4F7556}") = "Lesson10Library", "Lesson10\Lesson10Library\Lesson10Library.csproj", "{EC1958C7-2751-4EA8-A899-B12DE4D292C6}"
EndProject
Project("{9A19103F-16F7-4668-BE54-9A1E7A4F7556}") = "Lesson10ConsoleApp", "Lesson10\Lesson10ConsoleApp\Lesson10ConsoleApp.csproj", "{1DE347A0-89EC-4C54-A4D9-B441B1E844F2}"
EndProject
Project("{9A19103F-16F7-4668-BE54-9A1E7A4F7556}") = "ICWLibrary", "IntermediateControlWork\ICWLibrary\ICWLibrary.csproj", "{F0EFFE94-BC70-4CEC-82CD-258BCA163946}"
EndProject
Project("{9A19103F-16F7-4668-BE54-9A1E7A4F7556}") = "ICWConsoleApp", "IntermediateControlWork\ICWConsoleApp\ICWConsoleApp.csproj", "{8CC290F2-B0E2-4663-9F1A-9F99E9997E4E}"
EndProject
Project("{9A19103F-16F7-4668-BE54-9A1E7A4F7556}") = "Lesson12Library", "Lesson12\Lesson12Library\Lesson12Library.csproj", "{D5BB93C9-1A16-4BBC-8710-6616DD372B39}"
EndProject
Project("{9A19103F-16F7-4668-BE54-9A1E7A4F7556}") = "Lesson12ConsoleApp", "Lesson12\Lesson12ConsoleApp\Lesson12ConsoleApp.csproj", "{C0805878-0E6C-43E0-A398-5633541E6E03}"
EndProject
Project("{9A19103F-16F7-4668-BE54-9A1E7A4F7556}") = "Lesson13ConsoleApp", "Lesson13\Lesson13ConsoleApp\Lesson13ConsoleApp.csproj", "{FDD7E5A3-5B8C-4DAE-A638-F72CEAEB8294}"
EndProject
Project("{9A19103F-16F7-4668-BE54-9A1E7A4F7556}") = "Lesson13Library", "Lesson13\Lesson13Library\Lesson13Library.csproj", "{94EA3FD8-02F4-4D7A-A2CA-EFA70487B53C}"
EndProject
Project("{9A19103F-16F7-4668-BE54-9A1E7A4F7556}") = "Lesson14Library", "Lesson14\Lesson14Library\Lesson14Library.csproj", "{36DC557B-5AF5-4996-95E6-341590F97DDC}"
EndProject
Project("{9A19103F-16F7-4668-BE54-9A1E7A4F7556}") = "Lesson14ConsoleApp", "Lesson14\Lesson14ConsoleApp\Lesson14ConsoleApp.csproj", "{3B30C20B-EAA7-4B18-932C-52209E1E8274}"
EndProject
Project("{9A19103F-16F7-4668-BE54-9A1E7A4F7556}") = "Lesson15Library", "Lesson15\Lesson15Library\Lesson15Library.csproj", "{89369D7F-083B-4642-8B92-658B300D4213}"
EndProject
Project("{9A19103F-16F7-4668-BE54-9A1E7A4F7556}") = "Lesson15ConsoleApp", "Lesson15\Lesson15ConsoleApp\Lesson15ConsoleApp.csproj", "{8A3C3325-54FC-4A9C-BAC9-CC0F04149FD9}"
EndProject
Project("{FAE04EC0-301F-11D3-BF4B-00C04F79EFBC}") = "Lesson17ConsoleApp", "Lesson17\Lesson17ConsoleApp\Lesson17ConsoleApp.csproj", "{BF05AE78-3021-45A2-9E5D-98E07DCC3DE7}"
EndProject
Project("{FAE04EC0-301F-11D3-BF4B-00C04F79EFBC}") = "Lesson17Library", "Lesson17\Lesson17Library\Lesson17Library.csproj", "{56054AEC-C42D-4A98-8753-39E7264FBCC7}"
EndProject
Global
	GlobalSection(SolutionConfigurationPlatforms) = preSolution
		Debug|Any CPU = Debug|Any CPU
		Debug|x64 = Debug|x64
		Release|Any CPU = Release|Any CPU
		Release|x64 = Release|x64
	EndGlobalSection
	GlobalSection(ProjectConfigurationPlatforms) = postSolution
		{02DEC8ED-7682-4133-BFC5-5673328F2F63}.Debug|Any CPU.ActiveCfg = Debug|Any CPU
		{02DEC8ED-7682-4133-BFC5-5673328F2F63}.Debug|Any CPU.Build.0 = Debug|Any CPU
		{02DEC8ED-7682-4133-BFC5-5673328F2F63}.Debug|x64.ActiveCfg = Debug|Any CPU
		{02DEC8ED-7682-4133-BFC5-5673328F2F63}.Debug|x64.Build.0 = Debug|Any CPU
		{02DEC8ED-7682-4133-BFC5-5673328F2F63}.Release|Any CPU.ActiveCfg = Release|Any CPU
		{02DEC8ED-7682-4133-BFC5-5673328F2F63}.Release|Any CPU.Build.0 = Release|Any CPU
		{02DEC8ED-7682-4133-BFC5-5673328F2F63}.Release|x64.ActiveCfg = Release|Any CPU
		{02DEC8ED-7682-4133-BFC5-5673328F2F63}.Release|x64.Build.0 = Release|Any CPU
		{22F9A865-2B54-4FA5-861B-23A30BE8D235}.Debug|Any CPU.ActiveCfg = Debug|Any CPU
		{22F9A865-2B54-4FA5-861B-23A30BE8D235}.Debug|Any CPU.Build.0 = Debug|Any CPU
		{22F9A865-2B54-4FA5-861B-23A30BE8D235}.Debug|x64.ActiveCfg = Debug|Any CPU
		{22F9A865-2B54-4FA5-861B-23A30BE8D235}.Debug|x64.Build.0 = Debug|Any CPU
		{22F9A865-2B54-4FA5-861B-23A30BE8D235}.Release|Any CPU.ActiveCfg = Release|Any CPU
		{22F9A865-2B54-4FA5-861B-23A30BE8D235}.Release|Any CPU.Build.0 = Release|Any CPU
		{22F9A865-2B54-4FA5-861B-23A30BE8D235}.Release|x64.ActiveCfg = Release|Any CPU
		{22F9A865-2B54-4FA5-861B-23A30BE8D235}.Release|x64.Build.0 = Release|Any CPU
		{7BF805B1-0039-4BBF-B260-2101D6D5B1E7}.Debug|Any CPU.ActiveCfg = Debug|Any CPU
		{7BF805B1-0039-4BBF-B260-2101D6D5B1E7}.Debug|Any CPU.Build.0 = Debug|Any CPU
		{7BF805B1-0039-4BBF-B260-2101D6D5B1E7}.Debug|x64.ActiveCfg = Debug|Any CPU
		{7BF805B1-0039-4BBF-B260-2101D6D5B1E7}.Debug|x64.Build.0 = Debug|Any CPU
		{7BF805B1-0039-4BBF-B260-2101D6D5B1E7}.Release|Any CPU.ActiveCfg = Release|Any CPU
		{7BF805B1-0039-4BBF-B260-2101D6D5B1E7}.Release|Any CPU.Build.0 = Release|Any CPU
		{7BF805B1-0039-4BBF-B260-2101D6D5B1E7}.Release|x64.ActiveCfg = Release|Any CPU
		{7BF805B1-0039-4BBF-B260-2101D6D5B1E7}.Release|x64.Build.0 = Release|Any CPU
		{2D207280-00B0-49CC-9E27-2D3303FD011F}.Debug|Any CPU.ActiveCfg = Debug|Any CPU
		{2D207280-00B0-49CC-9E27-2D3303FD011F}.Debug|Any CPU.Build.0 = Debug|Any CPU
		{2D207280-00B0-49CC-9E27-2D3303FD011F}.Debug|x64.ActiveCfg = Debug|Any CPU
		{2D207280-00B0-49CC-9E27-2D3303FD011F}.Debug|x64.Build.0 = Debug|Any CPU
		{2D207280-00B0-49CC-9E27-2D3303FD011F}.Release|Any CPU.ActiveCfg = Release|Any CPU
		{2D207280-00B0-49CC-9E27-2D3303FD011F}.Release|Any CPU.Build.0 = Release|Any CPU
		{2D207280-00B0-49CC-9E27-2D3303FD011F}.Release|x64.ActiveCfg = Release|Any CPU
		{2D207280-00B0-49CC-9E27-2D3303FD011F}.Release|x64.Build.0 = Release|Any CPU
		{BF290D1A-8AF6-49A4-A8E1-1030E320AD9C}.Debug|Any CPU.ActiveCfg = Debug|Any CPU
		{BF290D1A-8AF6-49A4-A8E1-1030E320AD9C}.Debug|Any CPU.Build.0 = Debug|Any CPU
		{BF290D1A-8AF6-49A4-A8E1-1030E320AD9C}.Debug|x64.ActiveCfg = Debug|Any CPU
		{BF290D1A-8AF6-49A4-A8E1-1030E320AD9C}.Debug|x64.Build.0 = Debug|Any CPU
		{BF290D1A-8AF6-49A4-A8E1-1030E320AD9C}.Release|Any CPU.ActiveCfg = Release|Any CPU
		{BF290D1A-8AF6-49A4-A8E1-1030E320AD9C}.Release|Any CPU.Build.0 = Release|Any CPU
		{BF290D1A-8AF6-49A4-A8E1-1030E320AD9C}.Release|x64.ActiveCfg = Release|Any CPU
		{BF290D1A-8AF6-49A4-A8E1-1030E320AD9C}.Release|x64.Build.0 = Release|Any CPU
		{2AE217FB-238B-42E1-B288-F97A80EA6AE7}.Debug|Any CPU.ActiveCfg = Debug|Any CPU
		{2AE217FB-238B-42E1-B288-F97A80EA6AE7}.Debug|Any CPU.Build.0 = Debug|Any CPU
		{2AE217FB-238B-42E1-B288-F97A80EA6AE7}.Debug|x64.ActiveCfg = Debug|Any CPU
		{2AE217FB-238B-42E1-B288-F97A80EA6AE7}.Debug|x64.Build.0 = Debug|Any CPU
		{2AE217FB-238B-42E1-B288-F97A80EA6AE7}.Release|Any CPU.ActiveCfg = Release|Any CPU
		{2AE217FB-238B-42E1-B288-F97A80EA6AE7}.Release|Any CPU.Build.0 = Release|Any CPU
		{2AE217FB-238B-42E1-B288-F97A80EA6AE7}.Release|x64.ActiveCfg = Release|Any CPU
		{2AE217FB-238B-42E1-B288-F97A80EA6AE7}.Release|x64.Build.0 = Release|Any CPU
		{BB8AFBDC-6E95-49FF-B5A8-EC54B8100C8F}.Debug|Any CPU.ActiveCfg = Debug|Any CPU
		{BB8AFBDC-6E95-49FF-B5A8-EC54B8100C8F}.Debug|Any CPU.Build.0 = Debug|Any CPU
		{BB8AFBDC-6E95-49FF-B5A8-EC54B8100C8F}.Debug|x64.ActiveCfg = Debug|Any CPU
		{BB8AFBDC-6E95-49FF-B5A8-EC54B8100C8F}.Debug|x64.Build.0 = Debug|Any CPU
		{BB8AFBDC-6E95-49FF-B5A8-EC54B8100C8F}.Release|Any CPU.ActiveCfg = Release|Any CPU
		{BB8AFBDC-6E95-49FF-B5A8-EC54B8100C8F}.Release|Any CPU.Build.0 = Release|Any CPU
		{BB8AFBDC-6E95-49FF-B5A8-EC54B8100C8F}.Release|x64.ActiveCfg = Release|Any CPU
		{BB8AFBDC-6E95-49FF-B5A8-EC54B8100C8F}.Release|x64.Build.0 = Release|Any CPU
		{A832D297-3E44-4D8A-B80E-CE817EE0E74E}.Debug|Any CPU.ActiveCfg = Debug|Any CPU
		{A832D297-3E44-4D8A-B80E-CE817EE0E74E}.Debug|Any CPU.Build.0 = Debug|Any CPU
		{A832D297-3E44-4D8A-B80E-CE817EE0E74E}.Debug|x64.ActiveCfg = Debug|Any CPU
		{A832D297-3E44-4D8A-B80E-CE817EE0E74E}.Debug|x64.Build.0 = Debug|Any CPU
		{A832D297-3E44-4D8A-B80E-CE817EE0E74E}.Release|Any CPU.ActiveCfg = Release|Any CPU
		{A832D297-3E44-4D8A-B80E-CE817EE0E74E}.Release|Any CPU.Build.0 = Release|Any CPU
		{A832D297-3E44-4D8A-B80E-CE817EE0E74E}.Release|x64.ActiveCfg = Release|Any CPU
		{A832D297-3E44-4D8A-B80E-CE817EE0E74E}.Release|x64.Build.0 = Release|Any CPU
		{28A2729A-168D-417D-9183-0302829BECAC}.Debug|Any CPU.ActiveCfg = Debug|Any CPU
		{28A2729A-168D-417D-9183-0302829BECAC}.Debug|Any CPU.Build.0 = Debug|Any CPU
		{28A2729A-168D-417D-9183-0302829BECAC}.Debug|x64.ActiveCfg = Debug|Any CPU
		{28A2729A-168D-417D-9183-0302829BECAC}.Debug|x64.Build.0 = Debug|Any CPU
		{28A2729A-168D-417D-9183-0302829BECAC}.Release|Any CPU.ActiveCfg = Release|Any CPU
		{28A2729A-168D-417D-9183-0302829BECAC}.Release|Any CPU.Build.0 = Release|Any CPU
		{28A2729A-168D-417D-9183-0302829BECAC}.Release|x64.ActiveCfg = Release|Any CPU
		{28A2729A-168D-417D-9183-0302829BECAC}.Release|x64.Build.0 = Release|Any CPU
		{F1415E21-0CA3-461E-B0DC-B0ED91BB23A3}.Debug|Any CPU.ActiveCfg = Debug|Any CPU
		{F1415E21-0CA3-461E-B0DC-B0ED91BB23A3}.Debug|Any CPU.Build.0 = Debug|Any CPU
		{F1415E21-0CA3-461E-B0DC-B0ED91BB23A3}.Debug|x64.ActiveCfg = Debug|Any CPU
		{F1415E21-0CA3-461E-B0DC-B0ED91BB23A3}.Debug|x64.Build.0 = Debug|Any CPU
		{F1415E21-0CA3-461E-B0DC-B0ED91BB23A3}.Release|Any CPU.ActiveCfg = Release|Any CPU
		{F1415E21-0CA3-461E-B0DC-B0ED91BB23A3}.Release|Any CPU.Build.0 = Release|Any CPU
		{F1415E21-0CA3-461E-B0DC-B0ED91BB23A3}.Release|x64.ActiveCfg = Release|Any CPU
		{F1415E21-0CA3-461E-B0DC-B0ED91BB23A3}.Release|x64.Build.0 = Release|Any CPU
		{747B71E9-147F-4D4A-8695-BE0E400EF4CD}.Debug|Any CPU.ActiveCfg = Debug|Any CPU
		{747B71E9-147F-4D4A-8695-BE0E400EF4CD}.Debug|Any CPU.Build.0 = Debug|Any CPU
		{747B71E9-147F-4D4A-8695-BE0E400EF4CD}.Debug|x64.ActiveCfg = Debug|Any CPU
		{747B71E9-147F-4D4A-8695-BE0E400EF4CD}.Debug|x64.Build.0 = Debug|Any CPU
		{747B71E9-147F-4D4A-8695-BE0E400EF4CD}.Release|Any CPU.ActiveCfg = Release|Any CPU
		{747B71E9-147F-4D4A-8695-BE0E400EF4CD}.Release|Any CPU.Build.0 = Release|Any CPU
		{747B71E9-147F-4D4A-8695-BE0E400EF4CD}.Release|x64.ActiveCfg = Release|Any CPU
		{747B71E9-147F-4D4A-8695-BE0E400EF4CD}.Release|x64.Build.0 = Release|Any CPU
		{4480A56F-9813-4E12-A635-154A0D05E278}.Debug|Any CPU.ActiveCfg = Debug|Any CPU
		{4480A56F-9813-4E12-A635-154A0D05E278}.Debug|Any CPU.Build.0 = Debug|Any CPU
		{4480A56F-9813-4E12-A635-154A0D05E278}.Debug|x64.ActiveCfg = Debug|Any CPU
		{4480A56F-9813-4E12-A635-154A0D05E278}.Debug|x64.Build.0 = Debug|Any CPU
		{4480A56F-9813-4E12-A635-154A0D05E278}.Release|Any CPU.ActiveCfg = Release|Any CPU
		{4480A56F-9813-4E12-A635-154A0D05E278}.Release|Any CPU.Build.0 = Release|Any CPU
		{4480A56F-9813-4E12-A635-154A0D05E278}.Release|x64.ActiveCfg = Release|Any CPU
		{4480A56F-9813-4E12-A635-154A0D05E278}.Release|x64.Build.0 = Release|Any CPU
		{35F8A331-A49E-4396-85A9-2188DF22455F}.Debug|Any CPU.ActiveCfg = Debug|Any CPU
		{35F8A331-A49E-4396-85A9-2188DF22455F}.Debug|Any CPU.Build.0 = Debug|Any CPU
		{35F8A331-A49E-4396-85A9-2188DF22455F}.Debug|x64.ActiveCfg = Debug|Any CPU
		{35F8A331-A49E-4396-85A9-2188DF22455F}.Debug|x64.Build.0 = Debug|Any CPU
		{35F8A331-A49E-4396-85A9-2188DF22455F}.Release|Any CPU.ActiveCfg = Release|Any CPU
		{35F8A331-A49E-4396-85A9-2188DF22455F}.Release|Any CPU.Build.0 = Release|Any CPU
		{35F8A331-A49E-4396-85A9-2188DF22455F}.Release|x64.ActiveCfg = Release|Any CPU
		{35F8A331-A49E-4396-85A9-2188DF22455F}.Release|x64.Build.0 = Release|Any CPU
		{B29D6E8B-1EA0-41C3-BAC4-A615B7148CAD}.Debug|Any CPU.ActiveCfg = Debug|Any CPU
		{B29D6E8B-1EA0-41C3-BAC4-A615B7148CAD}.Debug|Any CPU.Build.0 = Debug|Any CPU
		{B29D6E8B-1EA0-41C3-BAC4-A615B7148CAD}.Debug|x64.ActiveCfg = Debug|Any CPU
		{B29D6E8B-1EA0-41C3-BAC4-A615B7148CAD}.Debug|x64.Build.0 = Debug|Any CPU
		{B29D6E8B-1EA0-41C3-BAC4-A615B7148CAD}.Release|Any CPU.ActiveCfg = Release|Any CPU
		{B29D6E8B-1EA0-41C3-BAC4-A615B7148CAD}.Release|Any CPU.Build.0 = Release|Any CPU
		{B29D6E8B-1EA0-41C3-BAC4-A615B7148CAD}.Release|x64.ActiveCfg = Release|Any CPU
		{B29D6E8B-1EA0-41C3-BAC4-A615B7148CAD}.Release|x64.Build.0 = Release|Any CPU
		{EC1958C7-2751-4EA8-A899-B12DE4D292C6}.Debug|Any CPU.ActiveCfg = Debug|Any CPU
		{EC1958C7-2751-4EA8-A899-B12DE4D292C6}.Debug|Any CPU.Build.0 = Debug|Any CPU
		{EC1958C7-2751-4EA8-A899-B12DE4D292C6}.Debug|x64.ActiveCfg = Debug|Any CPU
		{EC1958C7-2751-4EA8-A899-B12DE4D292C6}.Debug|x64.Build.0 = Debug|Any CPU
		{EC1958C7-2751-4EA8-A899-B12DE4D292C6}.Release|Any CPU.ActiveCfg = Release|Any CPU
		{EC1958C7-2751-4EA8-A899-B12DE4D292C6}.Release|Any CPU.Build.0 = Release|Any CPU
		{EC1958C7-2751-4EA8-A899-B12DE4D292C6}.Release|x64.ActiveCfg = Release|Any CPU
		{EC1958C7-2751-4EA8-A899-B12DE4D292C6}.Release|x64.Build.0 = Release|Any CPU
		{1DE347A0-89EC-4C54-A4D9-B441B1E844F2}.Debug|Any CPU.ActiveCfg = Debug|Any CPU
		{1DE347A0-89EC-4C54-A4D9-B441B1E844F2}.Debug|Any CPU.Build.0 = Debug|Any CPU
		{1DE347A0-89EC-4C54-A4D9-B441B1E844F2}.Debug|x64.ActiveCfg = Debug|Any CPU
		{1DE347A0-89EC-4C54-A4D9-B441B1E844F2}.Debug|x64.Build.0 = Debug|Any CPU
		{1DE347A0-89EC-4C54-A4D9-B441B1E844F2}.Release|Any CPU.ActiveCfg = Release|Any CPU
		{1DE347A0-89EC-4C54-A4D9-B441B1E844F2}.Release|Any CPU.Build.0 = Release|Any CPU
		{1DE347A0-89EC-4C54-A4D9-B441B1E844F2}.Release|x64.ActiveCfg = Release|Any CPU
		{1DE347A0-89EC-4C54-A4D9-B441B1E844F2}.Release|x64.Build.0 = Release|Any CPU
		{F0EFFE94-BC70-4CEC-82CD-258BCA163946}.Debug|Any CPU.ActiveCfg = Debug|Any CPU
		{F0EFFE94-BC70-4CEC-82CD-258BCA163946}.Debug|Any CPU.Build.0 = Debug|Any CPU
		{F0EFFE94-BC70-4CEC-82CD-258BCA163946}.Debug|x64.ActiveCfg = Debug|Any CPU
		{F0EFFE94-BC70-4CEC-82CD-258BCA163946}.Debug|x64.Build.0 = Debug|Any CPU
		{F0EFFE94-BC70-4CEC-82CD-258BCA163946}.Release|Any CPU.ActiveCfg = Release|Any CPU
		{F0EFFE94-BC70-4CEC-82CD-258BCA163946}.Release|Any CPU.Build.0 = Release|Any CPU
		{F0EFFE94-BC70-4CEC-82CD-258BCA163946}.Release|x64.ActiveCfg = Release|Any CPU
		{F0EFFE94-BC70-4CEC-82CD-258BCA163946}.Release|x64.Build.0 = Release|Any CPU
		{8CC290F2-B0E2-4663-9F1A-9F99E9997E4E}.Debug|Any CPU.ActiveCfg = Debug|Any CPU
		{8CC290F2-B0E2-4663-9F1A-9F99E9997E4E}.Debug|Any CPU.Build.0 = Debug|Any CPU
		{8CC290F2-B0E2-4663-9F1A-9F99E9997E4E}.Debug|x64.ActiveCfg = Debug|Any CPU
		{8CC290F2-B0E2-4663-9F1A-9F99E9997E4E}.Debug|x64.Build.0 = Debug|Any CPU
		{8CC290F2-B0E2-4663-9F1A-9F99E9997E4E}.Release|Any CPU.ActiveCfg = Release|Any CPU
		{8CC290F2-B0E2-4663-9F1A-9F99E9997E4E}.Release|Any CPU.Build.0 = Release|Any CPU
		{8CC290F2-B0E2-4663-9F1A-9F99E9997E4E}.Release|x64.ActiveCfg = Release|Any CPU
		{8CC290F2-B0E2-4663-9F1A-9F99E9997E4E}.Release|x64.Build.0 = Release|Any CPU
		{D5BB93C9-1A16-4BBC-8710-6616DD372B39}.Debug|Any CPU.ActiveCfg = Debug|Any CPU
		{D5BB93C9-1A16-4BBC-8710-6616DD372B39}.Debug|Any CPU.Build.0 = Debug|Any CPU
		{D5BB93C9-1A16-4BBC-8710-6616DD372B39}.Debug|x64.ActiveCfg = Debug|Any CPU
		{D5BB93C9-1A16-4BBC-8710-6616DD372B39}.Debug|x64.Build.0 = Debug|Any CPU
		{D5BB93C9-1A16-4BBC-8710-6616DD372B39}.Release|Any CPU.ActiveCfg = Release|Any CPU
		{D5BB93C9-1A16-4BBC-8710-6616DD372B39}.Release|Any CPU.Build.0 = Release|Any CPU
		{D5BB93C9-1A16-4BBC-8710-6616DD372B39}.Release|x64.ActiveCfg = Release|Any CPU
		{D5BB93C9-1A16-4BBC-8710-6616DD372B39}.Release|x64.Build.0 = Release|Any CPU
		{C0805878-0E6C-43E0-A398-5633541E6E03}.Debug|Any CPU.ActiveCfg = Debug|Any CPU
		{C0805878-0E6C-43E0-A398-5633541E6E03}.Debug|Any CPU.Build.0 = Debug|Any CPU
		{C0805878-0E6C-43E0-A398-5633541E6E03}.Debug|x64.ActiveCfg = Debug|Any CPU
		{C0805878-0E6C-43E0-A398-5633541E6E03}.Debug|x64.Build.0 = Debug|Any CPU
		{C0805878-0E6C-43E0-A398-5633541E6E03}.Release|Any CPU.ActiveCfg = Release|Any CPU
		{C0805878-0E6C-43E0-A398-5633541E6E03}.Release|Any CPU.Build.0 = Release|Any CPU
		{C0805878-0E6C-43E0-A398-5633541E6E03}.Release|x64.ActiveCfg = Release|Any CPU
		{C0805878-0E6C-43E0-A398-5633541E6E03}.Release|x64.Build.0 = Release|Any CPU
		{FDD7E5A3-5B8C-4DAE-A638-F72CEAEB8294}.Debug|Any CPU.ActiveCfg = Debug|Any CPU
		{FDD7E5A3-5B8C-4DAE-A638-F72CEAEB8294}.Debug|Any CPU.Build.0 = Debug|Any CPU
		{FDD7E5A3-5B8C-4DAE-A638-F72CEAEB8294}.Debug|x64.ActiveCfg = Debug|Any CPU
		{FDD7E5A3-5B8C-4DAE-A638-F72CEAEB8294}.Debug|x64.Build.0 = Debug|Any CPU
		{FDD7E5A3-5B8C-4DAE-A638-F72CEAEB8294}.Release|Any CPU.ActiveCfg = Release|Any CPU
		{FDD7E5A3-5B8C-4DAE-A638-F72CEAEB8294}.Release|Any CPU.Build.0 = Release|Any CPU
		{FDD7E5A3-5B8C-4DAE-A638-F72CEAEB8294}.Release|x64.ActiveCfg = Release|Any CPU
		{FDD7E5A3-5B8C-4DAE-A638-F72CEAEB8294}.Release|x64.Build.0 = Release|Any CPU
		{94EA3FD8-02F4-4D7A-A2CA-EFA70487B53C}.Debug|Any CPU.ActiveCfg = Debug|Any CPU
		{94EA3FD8-02F4-4D7A-A2CA-EFA70487B53C}.Debug|Any CPU.Build.0 = Debug|Any CPU
		{94EA3FD8-02F4-4D7A-A2CA-EFA70487B53C}.Debug|x64.ActiveCfg = Debug|Any CPU
		{94EA3FD8-02F4-4D7A-A2CA-EFA70487B53C}.Debug|x64.Build.0 = Debug|Any CPU
		{94EA3FD8-02F4-4D7A-A2CA-EFA70487B53C}.Release|Any CPU.ActiveCfg = Release|Any CPU
		{94EA3FD8-02F4-4D7A-A2CA-EFA70487B53C}.Release|Any CPU.Build.0 = Release|Any CPU
		{94EA3FD8-02F4-4D7A-A2CA-EFA70487B53C}.Release|x64.ActiveCfg = Release|Any CPU
		{94EA3FD8-02F4-4D7A-A2CA-EFA70487B53C}.Release|x64.Build.0 = Release|Any CPU
		{36DC557B-5AF5-4996-95E6-341590F97DDC}.Debug|Any CPU.ActiveCfg = Debug|Any CPU
		{36DC557B-5AF5-4996-95E6-341590F97DDC}.Debug|Any CPU.Build.0 = Debug|Any CPU
		{36DC557B-5AF5-4996-95E6-341590F97DDC}.Debug|x64.ActiveCfg = Debug|Any CPU
		{36DC557B-5AF5-4996-95E6-341590F97DDC}.Debug|x64.Build.0 = Debug|Any CPU
		{36DC557B-5AF5-4996-95E6-341590F97DDC}.Release|Any CPU.ActiveCfg = Release|Any CPU
		{36DC557B-5AF5-4996-95E6-341590F97DDC}.Release|Any CPU.Build.0 = Release|Any CPU
		{36DC557B-5AF5-4996-95E6-341590F97DDC}.Release|x64.ActiveCfg = Release|Any CPU
		{36DC557B-5AF5-4996-95E6-341590F97DDC}.Release|x64.Build.0 = Release|Any CPU
		{3B30C20B-EAA7-4B18-932C-52209E1E8274}.Debug|Any CPU.ActiveCfg = Debug|Any CPU
		{3B30C20B-EAA7-4B18-932C-52209E1E8274}.Debug|Any CPU.Build.0 = Debug|Any CPU
		{3B30C20B-EAA7-4B18-932C-52209E1E8274}.Debug|x64.ActiveCfg = Debug|Any CPU
		{3B30C20B-EAA7-4B18-932C-52209E1E8274}.Debug|x64.Build.0 = Debug|Any CPU
		{3B30C20B-EAA7-4B18-932C-52209E1E8274}.Release|Any CPU.ActiveCfg = Release|Any CPU
		{3B30C20B-EAA7-4B18-932C-52209E1E8274}.Release|Any CPU.Build.0 = Release|Any CPU
		{3B30C20B-EAA7-4B18-932C-52209E1E8274}.Release|x64.ActiveCfg = Release|Any CPU
		{3B30C20B-EAA7-4B18-932C-52209E1E8274}.Release|x64.Build.0 = Release|Any CPU
		{89369D7F-083B-4642-8B92-658B300D4213}.Debug|Any CPU.ActiveCfg = Debug|Any CPU
		{89369D7F-083B-4642-8B92-658B300D4213}.Debug|Any CPU.Build.0 = Debug|Any CPU
		{89369D7F-083B-4642-8B92-658B300D4213}.Debug|x64.ActiveCfg = Debug|Any CPU
		{89369D7F-083B-4642-8B92-658B300D4213}.Debug|x64.Build.0 = Debug|Any CPU
		{89369D7F-083B-4642-8B92-658B300D4213}.Release|Any CPU.ActiveCfg = Release|Any CPU
		{89369D7F-083B-4642-8B92-658B300D4213}.Release|Any CPU.Build.0 = Release|Any CPU
		{89369D7F-083B-4642-8B92-658B300D4213}.Release|x64.ActiveCfg = Release|Any CPU
		{89369D7F-083B-4642-8B92-658B300D4213}.Release|x64.Build.0 = Release|Any CPU
		{8A3C3325-54FC-4A9C-BAC9-CC0F04149FD9}.Debug|Any CPU.ActiveCfg = Debug|Any CPU
		{8A3C3325-54FC-4A9C-BAC9-CC0F04149FD9}.Debug|Any CPU.Build.0 = Debug|Any CPU
		{8A3C3325-54FC-4A9C-BAC9-CC0F04149FD9}.Debug|x64.ActiveCfg = Debug|Any CPU
		{8A3C3325-54FC-4A9C-BAC9-CC0F04149FD9}.Debug|x64.Build.0 = Debug|Any CPU
		{8A3C3325-54FC-4A9C-BAC9-CC0F04149FD9}.Release|Any CPU.ActiveCfg = Release|Any CPU
		{8A3C3325-54FC-4A9C-BAC9-CC0F04149FD9}.Release|Any CPU.Build.0 = Release|Any CPU
		{8A3C3325-54FC-4A9C-BAC9-CC0F04149FD9}.Release|x64.ActiveCfg = Release|Any CPU
		{8A3C3325-54FC-4A9C-BAC9-CC0F04149FD9}.Release|x64.Build.0 = Release|Any CPU
		{BF05AE78-3021-45A2-9E5D-98E07DCC3DE7}.Debug|Any CPU.ActiveCfg = Debug|Any CPU
		{BF05AE78-3021-45A2-9E5D-98E07DCC3DE7}.Debug|Any CPU.Build.0 = Debug|Any CPU
		{BF05AE78-3021-45A2-9E5D-98E07DCC3DE7}.Debug|x64.ActiveCfg = Debug|Any CPU
		{BF05AE78-3021-45A2-9E5D-98E07DCC3DE7}.Debug|x64.Build.0 = Debug|Any CPU
		{BF05AE78-3021-45A2-9E5D-98E07DCC3DE7}.Release|Any CPU.ActiveCfg = Release|Any CPU
		{BF05AE78-3021-45A2-9E5D-98E07DCC3DE7}.Release|Any CPU.Build.0 = Release|Any CPU
		{BF05AE78-3021-45A2-9E5D-98E07DCC3DE7}.Release|x64.ActiveCfg = Release|Any CPU
		{BF05AE78-3021-45A2-9E5D-98E07DCC3DE7}.Release|x64.Build.0 = Release|Any CPU
		{56054AEC-C42D-4A98-8753-39E7264FBCC7}.Debug|Any CPU.ActiveCfg = Debug|Any CPU
		{56054AEC-C42D-4A98-8753-39E7264FBCC7}.Debug|Any CPU.Build.0 = Debug|Any CPU
		{56054AEC-C42D-4A98-8753-39E7264FBCC7}.Debug|x64.ActiveCfg = Debug|Any CPU
		{56054AEC-C42D-4A98-8753-39E7264FBCC7}.Debug|x64.Build.0 = Debug|Any CPU
		{56054AEC-C42D-4A98-8753-39E7264FBCC7}.Release|Any CPU.ActiveCfg = Release|Any CPU
		{56054AEC-C42D-4A98-8753-39E7264FBCC7}.Release|Any CPU.Build.0 = Release|Any CPU
		{56054AEC-C42D-4A98-8753-39E7264FBCC7}.Release|x64.ActiveCfg = Release|Any CPU
		{56054AEC-C42D-4A98-8753-39E7264FBCC7}.Release|x64.Build.0 = Release|Any CPU
	EndGlobalSection
	GlobalSection(SolutionProperties) = preSolution
		HideSolutionNode = FALSE
	EndGlobalSection
	GlobalSection(ExtensibilityGlobals) = postSolution
		SolutionGuid = {FAB782B4-C46B-4ECA-96B9-DCB3CF9185E3}
	EndGlobalSection
EndGlobal
